{
  "requires": true,
  "lockfileVersion": 1,
  "dependencies": {
    "types-registry": {
      "version": "0.1.633",
      "resolved": "https://registry.npmjs.org/types-registry/-/types-registry-0.1.633.tgz",
      "integrity": "sha512-9wJ35Z4MwyE5B9IqS0rPDTotLlXLk+qQRReFahw3v+iVB8HGR8V5/6YYNG2mpIz00nhauJKI3QESVKVVBJrHvA=="
    }
  }
}
